
Microsoft Visual Studio Solution File, Format Version 12.00
# Visual Studio 15
VisualStudioVersion = 15.0.27703.2048
MinimumVisualStudioVersion = 10.0.40219.1
Project("{9A19103F-16F7-4668-BE54-9A1E7A4F7556}") = "Groomgy.HelloWorld", "Groomgy.HelloWorld\Groomgy.HelloWorld.csproj", "{64ED5769-7F85-4F05-AA9E-42D32A1E8FA0}"
EndProject
Project("{FAE04EC0-301F-11D3-BF4B-00C04F79EFBC}") = "Groomgy.TestConsoleApp", "Groomgy.TestConsoleApp\Groomgy.TestConsoleApp.csproj", "{B55A0D55-21CF-421A-9F1B-C2E22FB8AF8B}"
EndProject
Project("{2150E333-8FDC-42A3-9474-1A3956D46DE8}") = "Solution Items", "Solution Items", "{F72C59B4-938C-413A-85A3-AFD20C2C6BC4}"
	ProjectSection(SolutionItems) = preProject
		.gitignore = .gitignore
		appveyor.yml = appveyor.yml
		build.fsx = build.fsx
		fake.cmd = fake.cmd
		fake.sh = fake.sh
		LICENSE = LICENSE
		paket.dependencies = paket.dependencies
		README.md = README.md
	EndProjectSection
EndProject
Global
	GlobalSection(SolutionConfigurationPlatforms) = preSolution
		Debug|Any CPU = Debug|Any CPU
		Release|Any CPU = Release|Any CPU
	EndGlobalSection
	GlobalSection(ProjectConfigurationPlatforms) = postSolution
		{64ED5769-7F85-4F05-AA9E-42D32A1E8FA0}.Debug|Any CPU.ActiveCfg = Debug|Any CPU
		{64ED5769-7F85-4F05-AA9E-42D32A1E8FA0}.Debug|Any CPU.Build.0 = Debug|Any CPU
		{64ED5769-7F85-4F05-AA9E-42D32A1E8FA0}.Release|Any CPU.ActiveCfg = Release|Any CPU
		{64ED5769-7F85-4F05-AA9E-42D32A1E8FA0}.Release|Any CPU.Build.0 = Release|Any CPU
		{B55A0D55-21CF-421A-9F1B-C2E22FB8AF8B}.Debug|Any CPU.ActiveCfg = Debug|Any CPU
		{B55A0D55-21CF-421A-9F1B-C2E22FB8AF8B}.Debug|Any CPU.Build.0 = Debug|Any CPU
		{B55A0D55-21CF-421A-9F1B-C2E22FB8AF8B}.Release|Any CPU.ActiveCfg = Release|Any CPU
		{B55A0D55-21CF-421A-9F1B-C2E22FB8AF8B}.Release|Any CPU.Build.0 = Release|Any CPU
	EndGlobalSection
	GlobalSection(SolutionProperties) = preSolution
		HideSolutionNode = FALSE
	EndGlobalSection
	GlobalSection(ExtensibilityGlobals) = postSolution
		SolutionGuid = {07B60F17-2D77-49BE-A8E4-F3DE6DE37603}
	EndGlobalSection
EndGlobal
